// !$*UTF8*$!
{
	archiveVersion = 1;
	classes = {
	};
	objectVersion = 46;
	objects = {

/* Begin PBXBuildFile section */
		8DE57D711487C9AA0034C7E2 /* UIKit.framework in Frameworks */ = {isa = PBXBuildFile; fileRef = 8DE57D701487C9AA0034C7E2 /* UIKit.framework */; };
		8DE57D731487C9AA0034C7E2 /* Foundation.framework in Frameworks */ = {isa = PBXBuildFile; fileRef = 8DE57D721487C9AA0034C7E2 /* Foundation.framework */; };
		8DE57D751487C9AA0034C7E2 /* CoreGraphics.framework in Frameworks */ = {isa = PBXBuildFile; fileRef = 8DE57D741487C9AA0034C7E2 /* CoreGraphics.framework */; };
		8DE57D7B1487C9AA0034C7E2 /* InfoPlist.strings in Resources */ = {isa = PBXBuildFile; fileRef = 8DE57D791487C9AA0034C7E2 /* InfoPlist.strings */; };
		8DE57D7D1487C9AA0034C7E2 /* main.m in Sources */ = {isa = PBXBuildFile; fileRef = 8DE57D7C1487C9AA0034C7E2 /* main.m */; };
		8DE57D811487C9AA0034C7E2 /* AppDelegate.m in Sources */ = {isa = PBXBuildFile; fileRef = 8DE57D801487C9AA0034C7E2 /* AppDelegate.m */; };
		8DE57D8D1487CA430034C7E2 /* Pet.m in Sources */ = {isa = PBXBuildFile; fileRef = 8DE57D8C1487CA430034C7E2 /* Pet.m */; };
		8DE57D911487CAA00034C7E2 /* PetsViewController.m in Sources */ = {isa = PBXBuildFile; fileRef = 8DE57D901487CAA00034C7E2 /* PetsViewController.m */; };
/* End PBXBuildFile section */

/* Begin PBXFileReference section */
		8DE57D6C1487C9AA0034C7E2 /* MyPets.app */ = {isa = PBXFileReference; explicitFileType = wrapper.application; includeInIndex = 0; path = MyPets.app; sourceTree = BUILT_PRODUCTS_DIR; };
		8DE57D701487C9AA0034C7E2 /* UIKit.framework */ = {isa = PBXFileReference; lastKnownFileType = wrapper.framework; name = UIKit.framework; path = System/Library/Frameworks/UIKit.framework; sourceTree = SDKROOT; };
		8DE57D721487C9AA0034C7E2 /* Foundation.framework */ = {isa = PBXFileReference; lastKnownFileType = wrapper.framework; name = Foundation.framework; path = System/Library/Frameworks/Foundation.framework; sourceTree = SDKROOT; };
		8DE57D741487C9AA0034C7E2 /* CoreGraphics.framework */ = {isa = PBXFileReference; lastKnownFileType = wrapper.framework; name = CoreGraphics.framework; path = System/Library/Frameworks/CoreGraphics.framework; sourceTree = SDKROOT; };
		8DE57D781487C9AA0034C7E2 /* MyPets-Info.plist */ = {isa = PBXFileReference; lastKnownFileType = text.plist.xml; path = "MyPets-Info.plist"; sourceTree = "<group>"; };
		8DE57D7A1487C9AA0034C7E2 /* en */ = {isa = PBXFileReference; lastKnownFileType = text.plist.strings; name = en; path = en.lproj/InfoPlist.strings; sourceTree = "<group>"; };
		8DE57D7C1487C9AA0034C7E2 /* main.m */ = {isa = PBXFileReference; lastKnownFileType = sourcecode.c.objc; path = main.m; sourceTree = "<group>"; };
		8DE57D7E1487C9AA0034C7E2 /* MyPets-Prefix.pch */ = {isa = PBXFileReference; lastKnownFileType = sourcecode.c.h; path = "MyPets-Prefix.pch"; sourceTree = "<group>"; };
		8DE57D7F1487C9AA0034C7E2 /* AppDelegate.h */ = {isa = PBXFileReference; lastKnownFileType = sourcecode.c.h; path = AppDelegate.h; sourceTree = "<group>"; };
		8DE57D801487C9AA0034C7E2 /* AppDelegate.m */ = {isa = PBXFileReference; lastKnownFileType = sourcecode.c.objc; path = AppDelegate.m; sourceTree = "<group>"; };
		8DE57D8B1487CA430034C7E2 /* Pet.h */ = {isa = PBXFileReference; fileEncoding = 4; lastKnownFileType = sourcecode.c.h; path = Pet.h; sourceTree = "<group>"; };
		8DE57D8C1487CA430034C7E2 /* Pet.m */ = {isa = PBXFileReference; fileEncoding = 4; lastKnownFileType = sourcecode.c.objc; path = Pet.m; sourceTree = "<group>"; };
		8DE57D8F1487CA9F0034C7E2 /* PetsViewController.h */ = {isa = PBXFileReference; fileEncoding = 4; lastKnownFileType = sourcecode.c.h; path = PetsViewController.h; sourceTree = "<group>"; };
		8DE57D901487CAA00034C7E2 /* PetsViewController.m */ = {isa = PBXFileReference; fileEncoding = 4; lastKnownFileType = sourcecode.c.objc; path = PetsViewController.m; sourceTree = "<group>"; };
/* End PBXFileReference section */

/* Begin PBXFrameworksBuildPhase section */
		8DE57D691487C9AA0034C7E2 /* Frameworks */ = {
			isa = PBXFrameworksBuildPhase;
			buildActionMask = 2147483647;
			files = (
				8DE57D711487C9AA0034C7E2 /* UIKit.framework in Frameworks */,
				8DE57D731487C9AA0034C7E2 /* Foundation.framework in Frameworks */,
				8DE57D751487C9AA0034C7E2 /* CoreGraphics.framework in Frameworks */,
			);
			runOnlyForDeploymentPostprocessing = 0;
		};
/* End PBXFrameworksBuildPhase section */

/* Begin PBXGroup section */
		8DE57D611487C9AA0034C7E2 = {
			isa = PBXGroup;
			children = (
				8DE57D761487C9AA0034C7E2 /* MyPets */,
				8DE57D771487C9AA0034C7E2 /* Supporting Files */,
				8DE57D6F1487C9AA0034C7E2 /* Frameworks */,
				8DE57D6D1487C9AA0034C7E2 /* Products */,
			);
			sourceTree = "<group>";
		};
		8DE57D6D1487C9AA0034C7E2 /* Products */ = {
			isa = PBXGroup;
			children = (
				8DE57D6C1487C9AA0034C7E2 /* MyPets.app */,
			);
			name = Products;
			sourceTree = "<group>";
		};
		8DE57D6F1487C9AA0034C7E2 /* Frameworks */ = {
			isa = PBXGroup;
			children = (
				8DE57D701487C9AA0034C7E2 /* UIKit.framework */,
				8DE57D721487C9AA0034C7E2 /* Foundation.framework */,
				8DE57D741487C9AA0034C7E2 /* CoreGraphics.framework */,
			);
			name = Frameworks;
			sourceTree = "<group>";
		};
		8DE57D761487C9AA0034C7E2 /* MyPets */ = {
			isa = PBXGroup;
			children = (
				8DE57D7F1487C9AA0034C7E2 /* AppDelegate.h */,
				8DE57D801487C9AA0034C7E2 /* AppDelegate.m */,
				8DE57D8F1487CA9F0034C7E2 /* PetsViewController.h */,
				8DE57D901487CAA00034C7E2 /* PetsViewController.m */,
				8DE57D8B1487CA430034C7E2 /* Pet.h */,
				8DE57D8C1487CA430034C7E2 /* Pet.m */,
			);
			path = MyPets;
			sourceTree = "<group>";
		};
		8DE57D771487C9AA0034C7E2 /* Supporting Files */ = {
			isa = PBXGroup;
			children = (
				8DE57D781487C9AA0034C7E2 /* MyPets-Info.plist */,
				8DE57D791487C9AA0034C7E2 /* InfoPlist.strings */,
				8DE57D7C1487C9AA0034C7E2 /* main.m */,
				8DE57D7E1487C9AA0034C7E2 /* MyPets-Prefix.pch */,
			);
			name = "Supporting Files";
			path = MyPets;
			sourceTree = "<group>";
		};
/* End PBXGroup section */

/* Begin PBXNativeTarget section */
		8DE57D6B1487C9AA0034C7E2 /* MyPets */ = {
			isa = PBXNativeTarget;
			buildConfigurationList = 8DE57D841487C9AA0034C7E2 /* Build configuration list for PBXNativeTarget "MyPets" */;
			buildPhases = (
				8DE57D681487C9AA0034C7E2 /* Sources */,
				8DE57D691487C9AA0034C7E2 /* Frameworks */,
				8DE57D6A1487C9AA0034C7E2 /* Resources */,
			);
			buildRules = (
			);
			dependencies = (
			);
			name = MyPets;
			productName = MyPets;
			productReference = 8DE57D6C1487C9AA0034C7E2 /* MyPets.app */;
			productType = "com.apple.product-type.application";
		};
/* End PBXNativeTarget section */

/* Begin PBXProject section */
		8DE57D631487C9AA0034C7E2 /* Project object */ = {
			isa = PBXProject;
			attributes = {
				LastUpgradeCheck = 0420;
			};
			buildConfigurationList = 8DE57D661487C9AA0034C7E2 /* Build configuration list for PBXProject "MyPets" */;
			compatibilityVersion = "Xcode 3.2";
			developmentRegion = English;
			hasScannedForEncodings = 0;
			knownRegions = (
				en,
			);
			mainGroup = 8DE57D611487C9AA0034C7E2;
			productRefGroup = 8DE57D6D1487C9AA0034C7E2 /* Products */;
			projectDirPath = "";
			projectRoot = "";
			targets = (
				8DE57D6B1487C9AA0034C7E2 /* MyPets */,
			);
		};
/* End PBXProject section */

/* Begin PBXResourcesBuildPhase section */
		8DE57D6A1487C9AA0034C7E2 /* Resources */ = {
			isa = PBXResourcesBuildPhase;
			buildActionMask = 2147483647;
			files = (
				8DE57D7B1487C9AA0034C7E2 /* InfoPlist.strings in Resources */,
			);
			runOnlyForDeploymentPostprocessing = 0;
		};
/* End PBXResourcesBuildPhase section */

/* Begin PBXSourcesBuildPhase section */
		8DE57D681487C9AA0034C7E2 /* Sources */ = {
			isa = PBXSourcesBuildPhase;
			buildActionMask = 2147483647;
			files = (
				8DE57D7D1487C9AA0034C7E2 /* main.m in Sources */,
				8DE57D811487C9AA0034C7E2 /* AppDelegate.m in Sources */,
				8DE57D8D1487CA430034C7E2 /* Pet.m in Sources */,
				8DE57D911487CAA00034C7E2 /* PetsViewController.m in Sources */,
			);
			runOnlyForDeploymentPostprocessing = 0;
		};
/* End PBXSourcesBuildPhase section */

/* Begin PBXVariantGroup section */
		8DE57D791487C9AA0034C7E2 /* InfoPlist.strings */ = {
			isa = PBXVariantGroup;
			children = (
				8DE57D7A1487C9AA0034C7E2 /* en */,
			);
			name = InfoPlist.strings;
			sourceTree = "<group>";
		};
/* End PBXVariantGroup section */

/* Begin XCBuildConfiguration section */
		8DE57D821487C9AA0034C7E2 /* Debug */ = {
			isa = XCBuildConfiguration;
			buildSettings = {
				ALWAYS_SEARCH_USER_PATHS = NO;
				ARCHS = "$(ARCHS_STANDARD_32_BIT)";
				"CODE_SIGN_IDENTITY[sdk=iphoneos*]" = "iPhone Developer";
				COPY_PHASE_STRIP = NO;
				GCC_C_LANGUAGE_STANDARD = gnu99;
				GCC_DYNAMIC_NO_PIC = NO;
				GCC_OPTIMIZATION_LEVEL = 0;
				GCC_PREPROCESSOR_DEFINITIONS = (
					"DEBUG=1",
					"$(inherited)",
				);
				GCC_SYMBOLS_PRIVATE_EXTERN = NO;
				GCC_VERSION = com.apple.compilers.llvm.clang.1_0;
				GCC_WARN_ABOUT_MISSING_PROTOTYPES = YES;
				GCC_WARN_ABOUT_RETURN_TYPE = YES;
				GCC_WARN_UNUSED_VARIABLE = YES;
				IPHONEOS_DEPLOYMENT_TARGET = 5.0;
				SDKROOT = iphoneos;
			};
			name = Debug;
		};
		8DE57D831487C9AA0034C7E2 /* Release */ = {
			isa = XCBuildConfiguration;
			buildSettings = {
				ALWAYS_SEARCH_USER_PATHS = NO;
				ARCHS = "$(ARCHS_STANDARD_32_BIT)";
				"CODE_SIGN_IDENTITY[sdk=iphoneos*]" = "iPhone Developer";
				COPY_PHASE_STRIP = YES;
				GCC_C_LANGUAGE_STANDARD = gnu99;
				GCC_VERSION = com.apple.compilers.llvm.clang.1_0;
				GCC_WARN_ABOUT_MISSING_PROTOTYPES = YES;
				GCC_WARN_ABOUT_RETURN_TYPE = YES;
				GCC_WARN_UNUSED_VARIABLE = YES;
				IPHONEOS_DEPLOYMENT_TARGET = 5.0;
				OTHER_CFLAGS = "-DNS_BLOCK_ASSERTIONS=1";
				SDKROOT = iphoneos;
				VALIDATE_PRODUCT = YES;
			};
			name = Release;
		};
		8DE57D851487C9AA0034C7E2 /* Debug */ = {
			isa = XCBuildConfiguration;
			buildSettings = {
				GCC_PRECOMPILE_PREFIX_HEADER = YES;
				GCC_PREFIX_HEADER = "MyPets/MyPets-Prefix.pch";
				INFOPLIST_FILE = "MyPets/MyPets-Info.plist";
				IPHONEOS_DEPLOYMENT_TARGET = 4.0;
				PRODUCT_NAME = "$(TARGET_NAME)";
				WRAPPER_EXTENSION = app;
			};
			name = Debug;
		};
		8DE57D861487C9AA0034C7E2 /* Release */ = {
			isa = XCBuildConfiguration;
			buildSettings = {
				GCC_PRECOMPILE_PREFIX_HEADER = YES;
				GCC_PREFIX_HEADER = "MyPets/MyPets-Prefix.pch";
				INFOPLIST_FILE = "MyPets/MyPets-Info.plist";
				IPHONEOS_DEPLOYMENT_TARGET = 4.0;
				PRODUCT_NAME = "$(TARGET_NAME)";
				WRAPPER_EXTENSION = app;
			};
			name = Release;
		};
/* End XCBuildConfiguration section */

/* Begin XCConfigurationList section */
		8DE57D661487C9AA0034C7E2 /* Build configuration list for PBXProject "MyPets" */ = {
			isa = XCConfigurationList;
			buildConfigurations = (
				8DE57D821487C9AA0034C7E2 /* Debug */,
				8DE57D831487C9AA0034C7E2 /* Release */,
			);
			defaultConfigurationIsVisible = 0;
			defaultConfigurationName = Release;
		};
		8DE57D841487C9AA0034C7E2 /* Build configuration list for PBXNativeTarget "MyPets" */ = {
			isa = XCConfigurationList;
			buildConfigurations = (
				8DE57D851487C9AA0034C7E2 /* Debug */,
				8DE57D861487C9AA0034C7E2 /* Release */,
			);
			defaultConfigurationIsVisible = 0;
			defaultConfigurationName = Release;
		};
/* End XCConfigurationList section */
	};
	rootObject = 8DE57D631487C9AA0034C7E2 /* Project object */;
}
